github.com/StackExchange/wmi v0.0.0-20190523213315-cbe66965904d h1:G0m3OIz70MZUWq3EgK3CesDbo8upS2Vm9/P3FtgI+Jk=
github.com/StackExchange/wmi v0.0.0-20190523213315-cbe66965904d/go.mod h1:3eOhrUMpNV+6aFIbp5/iudMxNCF27Vw2OZgy4xEx0Fg=
github.com/christopher-dG/go-obs-websocket v0.0.0-20200720193653-c4fed10356a5 h1:UFBgEMSPv6a2vgzowHOPphVit+ZBNQ3+4Q+dEBgwIww=
github.com/christopher-dG/go-obs-websocket v0.0.0-20200720193653-c4fed10356a5/go.mod h1:P5w+dDqQEbCMFAkmucNcEQ6xgAt/NP+Aw58OQfY/H/o=
github.com/davecgh/go-spew v1.1.0/go.mod h1:J7Y8YcW2NihsgmVo/mv3lAwl/skON4iLHjSsI+c5H38=
github.com/davecgh/go-spew v1.1.1/go.mod h1:J7Y8YcW2NihsgmVo/mv3lAwl/skON4iLHjSsI+c5H38=
github.com/go-ole/go-ole v1.2.4 h1:nNBDSCOigTSiarFpYE9J/KtEA1IOW4CNeqT9TQDqCxI=
github.com/go-ole/go-ole v1.2.4/go.mod h1:XCwSNxSkXRo4vlyPy93sltvi/qJq0jqQhjqQNIwKuxM=
github.com/gopherjs/gopherjs v0.0.0-20190411002643-bd77b112433e h1:XWcjeEtTFTOVA9Fs1w7n2XBftk5ib4oZrhzWk0B+3eA=
github.com/gopherjs/gopherjs v0.0.0-20190411002643-bd77b112433e/go.mod h1:wJfORRmW1u3UXTncJ5qlYoELFm8eSnnEO6hX4iZ3EWY=
github.com/gopherjs/gopherjs v0.0.0-20200217142428-fce0ec30dd00 h1:l5lAOZEym3oK3SQ2HBHWsJUfbNBiTXJDeW2QDxw9AQ0=
github.com/gopherjs/gopherjs v0.0.0-20200217142428-fce0ec30dd00/go.mod h1:wJfORRmW1u3UXTncJ5qlYoELFm8eSnnEO6hX4iZ3EWY=
github.com/gorilla/websocket v1.4.0/go.mod h1:E7qHFY5m1UJ88s3WnNqhKjPHQ0heANvMoAMk2YaljkQ=
github.com/gorilla/websocket v1.4.2 h1:+/TMaTYc4QFitKJxsQ7Yye35DkWvkdLcvGKqM+x0Ufc=
github.com/gorilla/websocket v1.4.2/go.mod h1:YR8l580nyteQvAITg2hZ9XVh4b55+EU/adAjf1fMHhE=
github.com/gotk3/gotk3 v0.5.0 h1:GOkq4cFgAfeK6YAukLi64bz8zPayZKeCSSRr4mcFReQ=
github.com/gotk3/gotk3 v0.5.0/go.mod h1:/hqFpkNa9T3JgNAE2fLvCdov7c5bw//FHNZrZ3Uv9/Q=
github.com/gotk3/gotk3 v0.5.1-0.20201028052159-952547abf55a h1:9O8VeGmNRqh8UPYLfjYc+W3Gu7vSVTo2uEswq4FO9xI=
github.com/gotk3/gotk3 v0.5.1-0.20201028052159-952547abf55a/go.mod h1:/hqFpkNa9T3JgNAE2fLvCdov7c5bw//FHNZrZ3Uv9/Q=
github.com/klauspost/compress v1.10.10/go.mod h1:aoV0uJVorq1K+umq18yTdKaF57EivdYsUV+/s2qKfXs=
github.com/klauspost/compress v1.11.0 h1:wJbzvpYMVGG9iTI9VxpnNZfd4DzMPoCWze3GgSqz8yg=
github.com/klauspost/compress v1.11.0/go.mod h1:aoV0uJVorq1K+umq18yTdKaF57EivdYsUV+/s2qKfXs=
github.com/klauspost/compress v1.11.1 h1:bPb7nMRdOZYDrpPMTA3EInUQrdgoBinqUuSwlGdKDdE=
github.com/klauspost/compress v1.11.1/go.mod h1:aoV0uJVorq1K+umq18yTdKaF57EivdYsUV+/s2qKfXs=
github.com/konsorten/go-windows-terminal-sequences v1.0.1/go.mod h1:T0+1ngSBFLxvqU3pZ+m/2kptfBszLMUkC4ZK/EgS/cQ=
github.com/konsorten/go-windows-terminal-sequences v1.0.2 h1:DB17ag19krx9CFsz4o3enTrPXyIXCl+2iCXH/aMAp9s=
github.com/konsorten/go-windows-terminal-sequences v1.0.2/go.mod h1:T0+1ngSBFLxvqU3pZ+m/2kptfBszLMUkC4ZK/EgS/cQ=
github.com/miekg/dns v1.1.31 h1:sJFOl9BgwbYAWOGEwr61FU28pqsBNdpRBnhGXtO06Oo=
github.com/miekg/dns v1.1.31/go.mod h1:KNUDUusw/aVsxyTYZM1oqvCicbwhgbNgztCETuNZ7xM=
github.com/mitchellh/mapstructure v1.1.2 h1:fmNYVwqnSfB9mZU6OS2O6GsXM+wcskZDuKQzvN1EDeE=
github.com/mitchellh/mapstructure v1.1.2/go.mod h1:FVVH3fgwuzCH5S8UJGiWEs2h04kUh9fWfEaFds41c1Y=
github.com/mitchellh/mapstructure v1.3.3 h1:SzB1nHZ2Xi+17FP0zVQBHIZqvwRN9408fJO8h+eeNA8=
github.com/mitchellh/mapstructure v1.3.3/go.mod h1:bFUtVrKA4DC2yAKiSyO/QUcy7e+RRV2QTWOzhPopBRo=
github.com/pmezard/go-difflib v1.0.0/go.mod h1:iKH77koFhYxTK1pcRnkKkqfTogsbg7gZNVY4sRDYZ/4=
github.com/qydysky/bili_danmu v0.0.0-20200914124700-b89028b3554c h1:iFyG6L41DwT1CS16Ddi2/vjnnKLfL0TC6L6BuYcPnSo=
github.com/qydysky/bili_danmu v0.0.0-20200914124700-b89028b3554c/go.mod h1:hejetn5M5YL0dZpEBtswTWEOwS9Rq8eRiN3SFco3JXA=
github.com/qydysky/bili_danmu v0.0.0-20200914132045-726c917d9f37 h1:U3sncVRe/cKExu8CeWd01l7NQYcSY0HEOTP3OV0NCIY=
github.com/qydysky/bili_danmu v0.0.0-20200914132045-726c917d9f37/go.mod h1:hejetn5M5YL0dZpEBtswTWEOwS9Rq8eRiN3SFco3JXA=
github.com/qydysky/bili_danmu v0.0.0-20200914135857-61170d755d64 h1:etdhZR+9Q4oNbBAOR4m0nn+iq0ZZuIIhGZ8jXPprB0Y=
github.com/qydysky/bili_danmu v0.0.0-20200914135857-61170d755d64/go.mod h1:hejetn5M5YL0dZpEBtswTWEOwS9Rq8eRiN3SFco3JXA=
github.com/qydysky/bili_danmu v0.0.0-20200914140951-8ef294d54540 h1:YXe6BMG/EkdBwJs5B8na25yoCoVZ2WkRSr/eEiiCR3E=
github.com/qydysky/bili_danmu v0.0.0-20200914140951-8ef294d54540/go.mod h1:hejetn5M5YL0dZpEBtswTWEOwS9Rq8eRiN3SFco3JXA=
github.com/qydysky/bili_danmu v0.0.0-20200914141357-762a9f0d89cb h1:biHfTziQSldCF3/vMXwbL+AMgOMazYlzqN5eOqKdoFE=
github.com/qydysky/bili_danmu v0.0.0-20200914141357-762a9f0d89cb/go.mod h1:hejetn5M5YL0dZpEBtswTWEOwS9Rq8eRiN3SFco3JXA=
github.com/qydysky/bili_danmu v0.0.0-20200914143111-fe17ba7dd5a9 h1:85K/6r/1qlW5UZ8xC4S3DoNTyF4uuHf2KNxa2Ybairo=
github.com/qydysky/bili_danmu v0.0.0-20200914143111-fe17ba7dd5a9/go.mod h1:hejetn5M5YL0dZpEBtswTWEOwS9Rq8eRiN3SFco3JXA=
github.com/qydysky/part v0.0.0-20200914123330-afade058e33d h1:um1WzsGzwD6h+1W3jqGcWJPVr4kT5gmRRaXXVwO7nb4=
github.com/qydysky/part v0.0.0-20200914123330-afade058e33d/go.mod h1:+8N3UgJBVyJj8ar31eZtucwrKpLpay854Y5qq0xk3x0=
github.com/qydysky/part v0.0.0-20200914222559-436abc80976a h1:Wurgg5wiPemdfbO9lzOywZWst0DyEI610gUo3HV/ros=
github.com/qydysky/part v0.0.0-20200914222559-436abc80976a/go.mod h1:+8N3UgJBVyJj8ar31eZtucwrKpLpay854Y5qq0xk3x0=
github.com/qydysky/part v0.0.0-20200914225111-80645055bc83 h1:iAqwOKLRNeJ2kwgFOWRifJGEomYPKvCpygSQqSXzdSM=
github.com/qydysky/part v0.0.0-20200914225111-80645055bc83/go.mod h1:+8N3UgJBVyJj8ar31eZtucwrKpLpay854Y5qq0xk3x0=
github.com/qydysky/part v0.0.0-20200915003959-bbc60ec9e47e h1:/APS+qy3b5k432eh1W5lFIHUWC4mTV0i0neDTtanI0A=
github.com/qydysky/part v0.0.0-20200915003959-bbc60ec9e47e/go.mod h1:+8N3UgJBVyJj8ar31eZtucwrKpLpay854Y5qq0xk3x0=
github.com/qydysky/part v0.0.0-20200915060427-df3e1d541451 h1:0cLySh/YtFFzKapmgeZttO6qMH8gcixXvrIvswbVYeo=
github.com/qydysky/part v0.0.0-20200915060427-df3e1d541451/go.mod h1:+8N3UgJBVyJj8ar31eZtucwrKpLpay854Y5qq0xk3x0=
github.com/qydysky/part v0.0.0-20200915064846-d3f2213b9508 h1:RQgjB7cwDWinNOVRkstHrYaZUydCwyZFvoiVtZX7rKo=
github.com/qydysky/part v0.0.0-20200915064846-d3f2213b9508/go.mod h1:+8N3UgJBVyJj8ar31eZtucwrKpLpay854Y5qq0xk3x0=
github.com/qydysky/part v0.0.0-20200917071511-9f829642b501 h1:KYRfCW7+5t3Sj2+j8nn+WWIRhEyyYG/n8N500oEp6yU=
github.com/qydysky/part v0.0.0-20200917071511-9f829642b501/go.mod h1:+8N3UgJBVyJj8ar31eZtucwrKpLpay854Y5qq0xk3x0=
github.com/qydysky/part v0.0.0-20200918231831-729ead5cbddf h1:SuHY5rzEtAci6DUqlKipjqhhoxOz+au2pNi2zMTsmwc=
github.com/qydysky/part v0.0.0-20200918231831-729ead5cbddf/go.mod h1:+8N3UgJBVyJj8ar31eZtucwrKpLpay854Y5qq0xk3x0=
github.com/qydysky/part v0.0.0-20200922024213-39a1b17b5fa0 h1:2o5ixlGUZBXvRnwqILAYT2Na0LsVVKHBOK4g7+g4nvc=
github.com/qydysky/part v0.0.0-20200922024213-39a1b17b5fa0/go.mod h1:+8N3UgJBVyJj8ar31eZtucwrKpLpay854Y5qq0xk3x0=
github.com/qydysky/part v0.0.0-20200922060746-8db61966366b h1:9Qe6wazp6ImV0jyIELhJKlcHmnngEt9Ztukoj3CE21s=
github.com/qydysky/part v0.0.0-20200922060746-8db61966366b/go.mod h1:+8N3UgJBVyJj8ar31eZtucwrKpLpay854Y5qq0xk3x0=
github.com/qydysky/part v0.0.0-20200922062343-5096e51d5989 h1:W3Sm7L2/7q2VHEc0NFQKLV4mJpwouQCGDxziKiyCU/o=
github.com/qydysky/part v0.0.0-20200922062343-5096e51d5989/go.mod h1:+8N3UgJBVyJj8ar31eZtucwrKpLpay854Y5qq0xk3x0=
github.com/qydysky/part v0.0.0-20200922140825-5050288b80d4 h1:IqqEcdsgahVWR1OUY46RatCYYedyTHvHbnEi3M7WV+A=
github.com/qydysky/part v0.0.0-20200922140825-5050288b80d4/go.mod h1:+8N3UgJBVyJj8ar31eZtucwrKpLpay854Y5qq0xk3x0=
github.com/qydysky/part v0.0.0-20200922141821-acab84cb701a h1:NHe/LmpmVNWq2cK3jR2qKX/TcXszQ57PEo7eS7kOhv0=
github.com/qydysky/part v0.0.0-20200922141821-acab84cb701a/go.mod h1:+8N3UgJBVyJj8ar31eZtucwrKpLpay854Y5qq0xk3x0=
github.com/qydysky/part v0.0.0-20200926034706-d00657def022 h1:sthwG/Ga3Tm6U7vECii+vCL4HUwn6ORA1N0vTrxp5Ws=
github.com/qydysky/part v0.0.0-20200926034706-d00657def022/go.mod h1:+8N3UgJBVyJj8ar31eZtucwrKpLpay854Y5qq0xk3x0=
github.com/qydysky/part v0.0.0-20200926035429-ad6c74e3cbfb h1:6uXLz5vkJ39ATuZNeYn48JMV3KFtJSvnJKEhNsEcI98=
github.com/qydysky/part v0.0.0-20200926035429-ad6c74e3cbfb/go.mod h1:+8N3UgJBVyJj8ar31eZtucwrKpLpay854Y5qq0xk3x0=
github.com/qydysky/part v0.0.1 h1:JDEv6SmQh9hQyHy5Qkpds2+DHW4tf7ekjevfrquMfc4=
github.com/qydysky/part v0.0.1/go.mod h1:+8N3UgJBVyJj8ar31eZtucwrKpLpay854Y5qq0xk3x0=
github.com/qydysky/part v0.0.2 h1:uS//AKW020qBtd+qMDTIhTeOaHs2AE87vAbppmGj1tg=
github.com/qydysky/part v0.0.2/go.mod h1:+8N3UgJBVyJj8ar31eZtucwrKpLpay854Y5qq0xk3x0=
github.com/qydysky/part v0.0.3 h1:IxLzjAsdC5QYty43tpLEMssLWGFmhKQ8qzkEOgIv03A=
github.com/qydysky/part v0.0.3/go.mod h1:+8N3UgJBVyJj8ar31eZtucwrKpLpay854Y5qq0xk3x0=
github.com/qydysky/part v0.0.4 h1:MN1SXuP0korwTAFPG+hJmQHGFs9Aj7XBC4zAq6yEjsc=
github.com/qydysky/part v0.0.4/go.mod h1:+8N3UgJBVyJj8ar31eZtucwrKpLpay854Y5qq0xk3x0=
github.com/qydysky/part v0.0.5 h1:sbkXXRpviLJ81rav5SfWo/vIq2c0tQDa6kvWTqXgEL0=
github.com/qydysky/part v0.0.5/go.mod h1:+8N3UgJBVyJj8ar31eZtucwrKpLpay854Y5qq0xk3x0=
github.com/qydysky/part v0.0.6 h1:DEIziO8d9PT+E1OIij3Ua0H8vO9Z5yqCJGb3m8BOGL0=
github.com/qydysky/part v0.0.6/go.mod h1:+8N3UgJBVyJj8ar31eZtucwrKpLpay854Y5qq0xk3x0=
github.com/qydysky/part v0.0.7 h1:nT7Y5WIMvKv/AhW+AyQJ+RccMO5zAML9SZZyCeWZs24=
github.com/qydysky/part v0.0.7/go.mod h1:+8N3UgJBVyJj8ar31eZtucwrKpLpay854Y5qq0xk3x0=
github.com/qydysky/part v0.0.8 h1:W7icXUo22y1hewPev0u/H+DL+Ks0zP58HjrhVBaRgco=
github.com/qydysky/part v0.0.8/go.mod h1:+8N3UgJBVyJj8ar31eZtucwrKpLpay854Y5qq0xk3x0=
github.com/shirou/gopsutil v2.20.7+incompatible/go.mod h1:5b4v6he4MtMOwMlS0TUMTu2PcXUg8+E1lC7eC3UO/RA=
github.com/shirou/gopsutil v2.20.8+incompatible h1:8c7Atn0FAUZJo+f4wYbN0iVpdWniCQk7IYwGtgdh1mY=
github.com/shirou/gopsutil v2.20.8+incompatible/go.mod h1:5b4v6he4MtMOwMlS0TUMTu2PcXUg8+E1lC7eC3UO/RA=
github.com/shirou/gopsutil v2.20.9+incompatible h1:msXs2frUV+O/JLva9EDLpuJ84PrFsdCTCQex8PUdtkQ=
github.com/shirou/gopsutil v2.20.9+incompatible/go.mod h1:5b4v6he4MtMOwMlS0TUMTu2PcXUg8+E1lC7eC3UO/RA=
github.com/sirupsen/logrus v1.4.1 h1:GL2rEmy6nsikmW0r8opw9JIRScdMF5hA8cOYLH7In1k=
github.com/sirupsen/logrus v1.4.1/go.mod h1:ni0Sbl8bgC9z8RoU9G6nDWqqs/fq4eDPysMBDgk/93Q=
github.com/stretchr/objx v0.1.0/go.mod h1:HFkY916IF+rwdDfMAkV7OtwuqBVzrE8GR6GFx+wExME=
github.com/stretchr/objx v0.1.1/go.mod h1:HFkY916IF+rwdDfMAkV7OtwuqBVzrE8GR6GFx+wExME=
github.com/stretchr/objx v0.2.0/go.mod h1:qt09Ya8vawLte6SNmTgCsAVtYtaKzEcn8ATUoHMkEqE=
github.com/stretchr/testify v1.2.2/go.mod h1:a8OnRcib4nhh0OaRAV+Yts87kKdq0PP7pXfy6kDkUVs=
github.com/stretchr/testify v1.3.0/go.mod h1:M5WIy9Dh21IEIfnGCwXGc5bZfKNJtfHm1UVUgZn+9EI=
github.com/thedevsaddam/gojsonq v2.3.0+incompatible h1:i2lFTvGY4LvoZ2VUzedsFlRiyaWcJm3Uh6cQ9+HyQA8=
github.com/thedevsaddam/gojsonq v2.3.0+incompatible/go.mod h1:RBcQaITThgJAAYKH7FNp2onYodRz8URfsuEGpAch0NA=
github.com/thedevsaddam/gojsonq/v2 v2.5.2 h1:CoMVaYyKFsVj6TjU6APqAhAvC07hTI6IQen8PHzHYY0=
github.com/thedevsaddam/gojsonq/v2 v2.5.2/go.mod h1:bv6Xa7kWy82uT0LnXPE2SzGqTj33TAEeR560MdJkiXs=
github.com/therecipe/env_darwin_amd64_513 v0.0.0-20190626001412-d8e92e8db4d0 h1:Txh3Vvzx49BQg6OwSuYqOGNndpCWPYScIpEgK5BcGpc=
github.com/therecipe/env_darwin_amd64_513 v0.0.0-20190626001412-d8e92e8db4d0/go.mod h1:mdZdqBBs62KM68t1wD7rjG2NumvwuSNLqmMetEAqI14=
github.com/therecipe/env_linux_amd64_513 v0.0.0-20190626000307-e137a3934da6 h1:i0/LROzMqqMuHJ9gPeH2+So1Icle7zSVRqzXR4Z75hw=
github.com/therecipe/env_linux_amd64_513 v0.0.0-20190626000307-e137a3934da6/go.mod h1:Cq/lZrZTuGhRckzJgZFONK4WCE67AssWhHYj82U5FFI=
github.com/therecipe/env_windows_amd64_513 v0.0.0-20190626000028-79ec8bd06fb2 h1:dpqvgFCZRuxwiJhWVwQZSJ8zDaORf+GiUGxxOGzlQtc=
github.com/therecipe/env_windows_amd64_513 v0.0.0-20190626000028-79ec8bd06fb2/go.mod h1:evzb6PHK/MrRdJyhL1kbQXTfbMu4t4JOLl6iz55ywvk=
github.com/therecipe/env_windows_amd64_513/Tools v0.0.0-20190626000028-79ec8bd06fb2 h1:hM5KSUn4YbSvPuXAWJyywohkDocI+hSEsL+Msc9/FDA=
github.com/therecipe/env_windows_amd64_513/Tools v0.0.0-20190626000028-79ec8bd06fb2/go.mod h1:75GdIZ2clS7WUwhRklktkP02ffFz7+tBx8/Ue8eFexU=
github.com/therecipe/qt v0.0.0-20200904063919-c0c124a5770d h1:T+d8FnaLSvM/1BdlDXhW4d5dr2F07bAbB+LpgzMxx+o=
github.com/therecipe/qt v0.0.0-20200904063919-c0c124a5770d/go.mod h1:SUUR2j3aE1z6/g76SdD6NwACEpvCxb3fvG82eKbD6us=
github.com/therecipe/qt/internal/binding/files/docs v0.0.0-20191019224306-1097424d656c h1:/VhcwU7WuFEVgDHZ9V8PIYAyYqQ6KNxFUjBMOf2aFZM=
github.com/therecipe/qt/internal/binding/files/docs/5.12.0 v0.0.0-20200904063919-c0c124a5770d h1:hAZyEG2swPRWjF0kqqdGERXUazYnRJdAk4a58f14z7Y=
github.com/therecipe/qt/internal/binding/files/docs/5.12.0 v0.0.0-20200904063919-c0c124a5770d/go.mod h1:7m8PDYDEtEVqfjoUQc2UrFqhG0CDmoVJjRlQxexndFc=
github.com/therecipe/qt/internal/binding/files/docs/5.13.0 v0.0.0-20200904063919-c0c124a5770d h1:AJRoBel/g9cDS+yE8BcN3E+TDD/xNAguG21aoR8DAIE=
github.com/therecipe/qt/internal/binding/files/docs/5.13.0 v0.0.0-20200904063919-c0c124a5770d/go.mod h1:mH55Ek7AZcdns5KPp99O0bg+78el64YCYWHiQKrOdt4=
golang.org/x/crypto v0.0.0-20190308221718-c2843e01d9a2/go.mod h1:djNgcEr1/C05ACkg1iLfiJU5Ep61QUkGW8qpdssI0+w=
golang.org/x/crypto v0.0.0-20190418165655-df01cb2cc480/go.mod h1:WFFai1msRO1wXaEeE5yQxYXgSfI8pQAWXbQop6sCtWE=
golang.org/x/crypto v0.0.0-20191011191535-87dc89f01550/go.mod h1:yigFU9vqHzYiE8UmvKecakEJjdnWj3jj499lnFckfCI=
golang.org/x/crypto v0.0.0-20200622213623-75b288015ac9/go.mod h1:LzIPMQfyMNhhGPhUkYOs5KpL4U8rLKemX1yGLhDgUto=
golang.org/x/crypto v0.0.0-20200728195943-123391ffb6de/go.mod h1:LzIPMQfyMNhhGPhUkYOs5KpL4U8rLKemX1yGLhDgUto=
golang.org/x/crypto v0.0.0-20200820211705-5c72a883971a h1:vclmkQCjlDX5OydZ9wv8rBCcS0QyQY66Mpf/7BZbInM=
golang.org/x/crypto v0.0.0-20200820211705-5c72a883971a/go.mod h1:LzIPMQfyMNhhGPhUkYOs5KpL4U8rLKemX1yGLhDgUto=
golang.org/x/crypto v0.0.0-20201002170205-7f63de1d35b0 h1:hb9wdF1z5waM+dSIICn1l0DkLVDT3hqhhQsDNUmHPRE=
golang.org/x/crypto v0.0.0-20201002170205-7f63de1d35b0/go.mod h1:LzIPMQfyMNhhGPhUkYOs5KpL4U8rLKemX1yGLhDgUto=
golang.org/x/mod v0.1.1-0.20191105210325-c90efee705ee/go.mod h1:QqPTAvyqsEbceGzBzNggFXnrqF1CaUcvgkdR5Ot7KZg=
golang.org/x/net v0.0.0-20190311183353-d8887717615a/go.mod h1:t9HGtf8HONx5eT2rtn7q6eTqICYqUVnKs3thJo3Qplg=
golang.org/x/net v0.0.0-20190404232315-eb5bcb51f2a3/go.mod h1:t9HGtf8HONx5eT2rtn7q6eTqICYqUVnKs3thJo3Qplg=
golang.org/x/net v0.0.0-20190420063019-afa5a82059c6/go.mod h1:t9HGtf8HONx5eT2rtn7q6eTqICYqUVnKs3thJo3Qplg=
golang.org/x/net v0.0.0-20190620200207-3b0461eec859/go.mod h1:z5CRVTTTmAJ677TzLLGU+0bjPO0LkuOLi4/5GtJWs/s=
golang.org/x/net v0.0.0-20190923162816-aa69164e4478/go.mod h1:z5CRVTTTmAJ677TzLLGU+0bjPO0LkuOLi4/5GtJWs/s=
golang.org/x/net v0.0.0-20200707034311-ab3426394381/go.mod h1:/O7V0waA8r7cgGh81Ro3o1hOxt32SMVPicZroKQ2sZA=
golang.org/x/net v0.0.0-20200904194848-62affa334b73 h1:MXfv8rhZWmFeqX3GNZRsd6vOLoaCHjYEX3qkRo3YBUA=
golang.org/x/net v0.0.0-20200904194848-62affa334b73/go.mod h1:/O7V0waA8r7cgGh81Ro3o1hOxt32SMVPicZroKQ2sZA=
golang.org/x/net v0.0.0-20200925080053-05aa5d4ee321 h1:lleNcKRbcaC8MqgLwghIkzZ2JBQAb7QQ9MiwRt1BisA=
golang.org/x/net v0.0.0-20200925080053-05aa5d4ee321/go.mod h1:/O7V0waA8r7cgGh81Ro3o1hOxt32SMVPicZroKQ2sZA=
golang.org/x/net v0.0.0-20200927032502-5d4f70055728 h1:5wtQIAulKU5AbLQOkjxl32UufnIOqgBX72pS0AV14H0=
golang.org/x/net v0.0.0-20200927032502-5d4f70055728/go.mod h1:/O7V0waA8r7cgGh81Ro3o1hOxt32SMVPicZroKQ2sZA=
golang.org/x/net v0.0.0-20201002202402-0a1ea396d57c h1:dk0ukUIHmGHqASjP0iue2261isepFCC6XRCSd1nHgDw=
golang.org/x/net v0.0.0-20201002202402-0a1ea396d57c/go.mod h1:iQL9McJNjoIa5mjH6nYTCTZXUN6RP+XW3eib7Ya3XcI=
golang.org/x/sync v0.0.0-20190423024810-112230192c58/go.mod h1:RxMgew5VJxzue5/jJTE5uejpjVlOe/izrB70Jof72aM=
golang.org/x/sys v0.0.0-20180905080454-ebe1bf3edb33/go.mod h1:STP8DvDyc/dI5b8T5hshtkjS+E42TnysNCUPdjciGhY=
golang.org/x/sys v0.0.0-20190215142949-d0b11bdaac8a/go.mod h1:STP8DvDyc/dI5b8T5hshtkjS+E42TnysNCUPdjciGhY=
golang.org/x/sys v0.0.0-20190403152447-81d4e9dc473e/go.mod h1:h1NjWce9XRLGQEsW7wpKNCjG9DtNlClVuFLEZdDNbEs=
golang.org/x/sys v0.0.0-20190412213103-97732733099d/go.mod h1:h1NjWce9XRLGQEsW7wpKNCjG9DtNlClVuFLEZdDNbEs=
golang.org/x/sys v0.0.0-20190419153524-e8e3143a4f4a/go.mod h1:h1NjWce9XRLGQEsW7wpKNCjG9DtNlClVuFLEZdDNbEs=
golang.org/x/sys v0.0.0-20190924154521-2837fb4f24fe/go.mod h1:h1NjWce9XRLGQEsW7wpKNCjG9DtNlClVuFLEZdDNbEs=
golang.org/x/sys v0.0.0-20200323222414-85ca7c5b95cd/go.mod h1:h1NjWce9XRLGQEsW7wpKNCjG9DtNlClVuFLEZdDNbEs=
golang.org/x/sys v0.0.0-20200810151505-1b9f1253b3ed/go.mod h1:h1NjWce9XRLGQEsW7wpKNCjG9DtNlClVuFLEZdDNbEs=
golang.org/x/sys v0.0.0-20200909081042-eff7692f9009 h1:W0lCpv29Hv0UaM1LXb9QlBHLNP8UFfcKjblhVCWftOM=
golang.org/x/sys v0.0.0-20200909081042-eff7692f9009/go.mod h1:h1NjWce9XRLGQEsW7wpKNCjG9DtNlClVuFLEZdDNbEs=
golang.org/x/sys v0.0.0-20200915050820-6d893a6b696e h1:RGS7MuoO4EeRp68J5OWuANAi5oVYtLRl+3LoD5fkMns=
golang.org/x/sys v0.0.0-20200915050820-6d893a6b696e/go.mod h1:h1NjWce9XRLGQEsW7wpKNCjG9DtNlClVuFLEZdDNbEs=
golang.org/x/sys v0.0.0-20200917061948-648f2a039071 h1:t0H7WMwCt9t0LnLSYz5zdZ/OiAtROxc5cHb5iHt3Xyw=
golang.org/x/sys v0.0.0-20200917061948-648f2a039071/go.mod h1:h1NjWce9XRLGQEsW7wpKNCjG9DtNlClVuFLEZdDNbEs=
golang.org/x/sys v0.0.0-20200918174421-af09f7315aff h1:1CPUrky56AcgSpxz/KfgzQWzfG09u5YOL8MvPYBlrL8=
golang.org/x/sys v0.0.0-20200918174421-af09f7315aff/go.mod h1:h1NjWce9XRLGQEsW7wpKNCjG9DtNlClVuFLEZdDNbEs=
golang.org/x/sys v0.0.0-20200922070232-aee5d888a860 h1:YEu4SMq7D0cmT7CBbXfcH0NZeuChAXwsHe/9XueUO6o=
golang.org/x/sys v0.0.0-20200922070232-aee5d888a860/go.mod h1:h1NjWce9XRLGQEsW7wpKNCjG9DtNlClVuFLEZdDNbEs=
golang.org/x/sys v0.0.0-20200923182605-d9f96fdee20d h1:L/IKR6COd7ubZrs2oTnTi73IhgqJ71c9s80WsQnh0Es=
golang.org/x/sys v0.0.0-20200923182605-d9f96fdee20d/go.mod h1:h1NjWce9XRLGQEsW7wpKNCjG9DtNlClVuFLEZdDNbEs=
golang.org/x/sys v0.0.0-20200926100807-9d91bd62050c h1:38q6VNPWR010vN82/SB121GujZNIfAUb4YttE2rhGuc=
golang.org/x/sys v0.0.0-20200926100807-9d91bd62050c/go.mod h1:h1NjWce9XRLGQEsW7wpKNCjG9DtNlClVuFLEZdDNbEs=
golang.org/x/sys v0.0.0-20200930185726-fdedc70b468f h1:+Nyd8tzPX9R7BWHguqsrbFdRx3WQ/1ib8I44HXV5yTA=
golang.org/x/sys v0.0.0-20200930185726-fdedc70b468f/go.mod h1:h1NjWce9XRLGQEsW7wpKNCjG9DtNlClVuFLEZdDNbEs=
golang.org/x/text v0.3.0/go.mod h1:NqM8EUOU14njkJ3fqMW+pc6Ldnwhi/IjpwHt7yyuwOQ=
golang.org/x/tools v0.0.0-20190420181800-aa740d480789/go.mod h1:LCzVGOaR6xXOjkQ3onu1FJEFr0SW1gC7cKk1uF8kGRs=
golang.org/x/tools v0.0.0-20191216052735-49a3e744a425 h1:VvQyQJN0tSuecqgcIxMWnnfG5kSmgy9KZR9sW3W5QeA=
golang.org/x/tools v0.0.0-20191216052735-49a3e744a425/go.mod h1:TB2adYChydJhpapKDTa4BR/hXlZSLoq2Wpct/0txZ28=
golang.org/x/xerrors v0.0.0-20191011141410-1b5146add898/go.mod h1:I/5z698sn9Ka8TeJc9MKroUUfqBBauWjQqLJ2OPfmY0=
