github.com/StackExchange/wmi v0.0.0-20190523213315-cbe66965904d h1:G0m3OIz70MZUWq3EgK3CesDbo8upS2Vm9/P3FtgI+Jk=
github.com/StackExchange/wmi v0.0.0-20190523213315-cbe66965904d/go.mod h1:3eOhrUMpNV+6aFIbp5/iudMxNCF27Vw2OZgy4xEx0Fg=
github.com/andybalholm/brotli v1.0.1 h1:KqhlKozYbRtJvsPrrEeXcO+N2l6NYT5A2QAFmSULpEc=
github.com/andybalholm/brotli v1.0.1/go.mod h1:loMXtMfwqflxFJPmdbJO0a3KNoPuLBgiu3qAvBg8x/Y=
github.com/christopher-dG/go-obs-websocket v0.0.0-20200720193653-c4fed10356a5 h1:UFBgEMSPv6a2vgzowHOPphVit+ZBNQ3+4Q+dEBgwIww=
github.com/christopher-dG/go-obs-websocket v0.0.0-20200720193653-c4fed10356a5/go.mod h1:P5w+dDqQEbCMFAkmucNcEQ6xgAt/NP+Aw58OQfY/H/o=
github.com/davecgh/go-spew v1.1.0/go.mod h1:J7Y8YcW2NihsgmVo/mv3lAwl/skON4iLHjSsI+c5H38=
github.com/davecgh/go-spew v1.1.1 h1:vj9j/u1bqnvCEfJOwUhtlOARqs3+rkHYY13jYWTU97c=
github.com/davecgh/go-spew v1.1.1/go.mod h1:J7Y8YcW2NihsgmVo/mv3lAwl/skON4iLHjSsI+c5H38=
github.com/go-ole/go-ole v1.2.4 h1:nNBDSCOigTSiarFpYE9J/KtEA1IOW4CNeqT9TQDqCxI=
github.com/go-ole/go-ole v1.2.4/go.mod h1:XCwSNxSkXRo4vlyPy93sltvi/qJq0jqQhjqQNIwKuxM=
github.com/gopherjs/gopherjs v0.0.0-20190411002643-bd77b112433e h1:XWcjeEtTFTOVA9Fs1w7n2XBftk5ib4oZrhzWk0B+3eA=
github.com/gopherjs/gopherjs v0.0.0-20190411002643-bd77b112433e/go.mod h1:wJfORRmW1u3UXTncJ5qlYoELFm8eSnnEO6hX4iZ3EWY=
github.com/gorilla/websocket v1.4.0/go.mod h1:E7qHFY5m1UJ88s3WnNqhKjPHQ0heANvMoAMk2YaljkQ=
github.com/gorilla/websocket v1.4.2 h1:+/TMaTYc4QFitKJxsQ7Yye35DkWvkdLcvGKqM+x0Ufc=
github.com/gorilla/websocket v1.4.2/go.mod h1:YR8l580nyteQvAITg2hZ9XVh4b55+EU/adAjf1fMHhE=
github.com/klauspost/compress v1.10.10/go.mod h1:aoV0uJVorq1K+umq18yTdKaF57EivdYsUV+/s2qKfXs=
github.com/klauspost/compress v1.11.0 h1:wJbzvpYMVGG9iTI9VxpnNZfd4DzMPoCWze3GgSqz8yg=
github.com/klauspost/compress v1.11.0/go.mod h1:aoV0uJVorq1K+umq18yTdKaF57EivdYsUV+/s2qKfXs=
github.com/klauspost/compress v1.11.2 h1:MiK62aErc3gIiVEtyzKfeOHgW7atJb5g/KNX5m3c2nQ=
github.com/klauspost/compress v1.11.2/go.mod h1:aoV0uJVorq1K+umq18yTdKaF57EivdYsUV+/s2qKfXs=
github.com/klauspost/pgzip v1.2.5 h1:qnWYvvKqedOF2ulHpMG72XQol4ILEJ8k2wwRl/Km8oE=
github.com/klauspost/pgzip v1.2.5/go.mod h1:Ch1tH69qFZu15pkjo5kYi6mth2Zzwzt50oCQKQE9RUs=
github.com/konsorten/go-windows-terminal-sequences v1.0.1/go.mod h1:T0+1ngSBFLxvqU3pZ+m/2kptfBszLMUkC4ZK/EgS/cQ=
github.com/konsorten/go-windows-terminal-sequences v1.0.2 h1:DB17ag19krx9CFsz4o3enTrPXyIXCl+2iCXH/aMAp9s=
github.com/konsorten/go-windows-terminal-sequences v1.0.2/go.mod h1:T0+1ngSBFLxvqU3pZ+m/2kptfBszLMUkC4ZK/EgS/cQ=
github.com/miekg/dns v1.1.31 h1:sJFOl9BgwbYAWOGEwr61FU28pqsBNdpRBnhGXtO06Oo=
github.com/miekg/dns v1.1.31/go.mod h1:KNUDUusw/aVsxyTYZM1oqvCicbwhgbNgztCETuNZ7xM=
github.com/miekg/dns v1.1.35 h1:oTfOaDH+mZkdcgdIjH6yBajRGtIwcwcaR+rt23ZSrJs=
github.com/miekg/dns v1.1.35/go.mod h1:KNUDUusw/aVsxyTYZM1oqvCicbwhgbNgztCETuNZ7xM=
github.com/mitchellh/mapstructure v1.1.2 h1:fmNYVwqnSfB9mZU6OS2O6GsXM+wcskZDuKQzvN1EDeE=
github.com/mitchellh/mapstructure v1.1.2/go.mod h1:FVVH3fgwuzCH5S8UJGiWEs2h04kUh9fWfEaFds41c1Y=
github.com/mitchellh/mapstructure v1.3.3 h1:SzB1nHZ2Xi+17FP0zVQBHIZqvwRN9408fJO8h+eeNA8=
github.com/mitchellh/mapstructure v1.3.3/go.mod h1:bFUtVrKA4DC2yAKiSyO/QUcy7e+RRV2QTWOzhPopBRo=
github.com/pmezard/go-difflib v1.0.0 h1:4DBwDE0NGyQoBHbLQYPwSUPoCMWR5BEzIk/f1lZbAQM=
github.com/pmezard/go-difflib v1.0.0/go.mod h1:iKH77koFhYxTK1pcRnkKkqfTogsbg7gZNVY4sRDYZ/4=
github.com/qydysky/gotk3 v0.5.1-0.20201114200959-3165c4dc990f h1:SRtvlxQctIFma0I1N+9KJbPD1rnr5KjYvNJCbRskwgw=
github.com/qydysky/gotk3 v0.5.1-0.20201114200959-3165c4dc990f/go.mod h1:/hqFpkNa9T3JgNAE2fLvCdov7c5bw//FHNZrZ3Uv9/Q=
github.com/qydysky/part v0.0.6 h1:DEIziO8d9PT+E1OIij3Ua0H8vO9Z5yqCJGb3m8BOGL0=
github.com/qydysky/part v0.0.6/go.mod h1:+8N3UgJBVyJj8ar31eZtucwrKpLpay854Y5qq0xk3x0=
github.com/qydysky/part v0.2.1 h1:D/ZZzKPYA9yFbudzu0HtR7RffEzdacvGr/D4hGNggRI=
github.com/qydysky/part v0.2.1/go.mod h1:93s9ohLtzULet5ZPEUUWrT9BELC30oDZgRpgGSiDye4=
github.com/qydysky/part v0.2.2-0.20201117213340-ef56d5480392 h1:8QRCTgpR+g0R6PY97eTYRcHqgnnT4q8KZdLrertM4so=
github.com/qydysky/part v0.2.2-0.20201117213340-ef56d5480392/go.mod h1:93s9ohLtzULet5ZPEUUWrT9BELC30oDZgRpgGSiDye4=
github.com/qydysky/part v0.2.2-0.20201117223624-77dfebe855ee h1:esBBaTeqkbxMKv4ixjVEUeResctj+/nbh7y/UytpIbw=
github.com/qydysky/part v0.2.2-0.20201117223624-77dfebe855ee/go.mod h1:93s9ohLtzULet5ZPEUUWrT9BELC30oDZgRpgGSiDye4=
github.com/qydysky/part v0.2.2-0.20201117225521-b27dd91d56af h1:wzpjAMxFBduOz9TWZreDYElmREXq7o752X1s4pc2NiE=
github.com/qydysky/part v0.2.2-0.20201117225521-b27dd91d56af/go.mod h1:93s9ohLtzULet5ZPEUUWrT9BELC30oDZgRpgGSiDye4=
github.com/qydysky/part v0.2.2-0.20201117231944-b989fc77f39b h1:YxwA2XVfF3/6mWwOwv6cLOuAej3rOJVCj2lfHyf/6Po=
github.com/qydysky/part v0.2.2-0.20201117231944-b989fc77f39b/go.mod h1:93s9ohLtzULet5ZPEUUWrT9BELC30oDZgRpgGSiDye4=
github.com/qydysky/part v0.2.2-0.20201118040602-e0a4255270c5 h1:VqAQccFpYPRNvrF6NECzMokcJkt1URo9voUiO5SKf1s=
github.com/qydysky/part v0.2.2-0.20201118040602-e0a4255270c5/go.mod h1:93s9ohLtzULet5ZPEUUWrT9BELC30oDZgRpgGSiDye4=
github.com/qydysky/part v0.2.2-0.20201118201147-5c672b694ad4 h1:ROhlxKQCiWfC/d4qnbC6E5v+HuY/01csmbH39OPQncM=
github.com/qydysky/part v0.2.2-0.20201118201147-5c672b694ad4/go.mod h1:93s9ohLtzULet5ZPEUUWrT9BELC30oDZgRpgGSiDye4=
github.com/qydysky/part v0.2.2-0.20201119032922-a6f2c3476095 h1:xMahJIwZcpiRWg3Lm2eBmDS6rB4aXdOX5nJXfF4AlME=
github.com/qydysky/part v0.2.2-0.20201119032922-a6f2c3476095/go.mod h1:93s9ohLtzULet5ZPEUUWrT9BELC30oDZgRpgGSiDye4=
github.com/shirou/gopsutil v2.20.7+incompatible/go.mod h1:5b4v6he4MtMOwMlS0TUMTu2PcXUg8+E1lC7eC3UO/RA=
github.com/shirou/gopsutil v2.20.8+incompatible h1:8c7Atn0FAUZJo+f4wYbN0iVpdWniCQk7IYwGtgdh1mY=
github.com/shirou/gopsutil v2.20.8+incompatible/go.mod h1:5b4v6he4MtMOwMlS0TUMTu2PcXUg8+E1lC7eC3UO/RA=
github.com/shirou/gopsutil v3.20.10+incompatible h1:kQuRhh6h6y4luXvnmtu/lJEGtdJ3q8lbu9NQY99GP+o=
github.com/shirou/gopsutil v3.20.10+incompatible/go.mod h1:5b4v6he4MtMOwMlS0TUMTu2PcXUg8+E1lC7eC3UO/RA=
github.com/sirupsen/logrus v1.4.1 h1:GL2rEmy6nsikmW0r8opw9JIRScdMF5hA8cOYLH7In1k=
github.com/sirupsen/logrus v1.4.1/go.mod h1:ni0Sbl8bgC9z8RoU9G6nDWqqs/fq4eDPysMBDgk/93Q=
github.com/stretchr/objx v0.1.0/go.mod h1:HFkY916IF+rwdDfMAkV7OtwuqBVzrE8GR6GFx+wExME=
github.com/stretchr/objx v0.1.1/go.mod h1:HFkY916IF+rwdDfMAkV7OtwuqBVzrE8GR6GFx+wExME=
github.com/stretchr/objx v0.2.0/go.mod h1:qt09Ya8vawLte6SNmTgCsAVtYtaKzEcn8ATUoHMkEqE=
github.com/stretchr/testify v1.2.2/go.mod h1:a8OnRcib4nhh0OaRAV+Yts87kKdq0PP7pXfy6kDkUVs=
github.com/stretchr/testify v1.3.0 h1:TivCn/peBQ7UY8ooIcPgZFpTNSz0Q2U6UrFlUfqbe0Q=
github.com/stretchr/testify v1.3.0/go.mod h1:M5WIy9Dh21IEIfnGCwXGc5bZfKNJtfHm1UVUgZn+9EI=
github.com/thedevsaddam/gojsonq v2.3.0+incompatible h1:i2lFTvGY4LvoZ2VUzedsFlRiyaWcJm3Uh6cQ9+HyQA8=
github.com/thedevsaddam/gojsonq v2.3.0+incompatible/go.mod h1:RBcQaITThgJAAYKH7FNp2onYodRz8URfsuEGpAch0NA=
github.com/thedevsaddam/gojsonq/v2 v2.5.2 h1:CoMVaYyKFsVj6TjU6APqAhAvC07hTI6IQen8PHzHYY0=
github.com/thedevsaddam/gojsonq/v2 v2.5.2/go.mod h1:bv6Xa7kWy82uT0LnXPE2SzGqTj33TAEeR560MdJkiXs=
github.com/therecipe/qt v0.0.0-20200904063919-c0c124a5770d h1:T+d8FnaLSvM/1BdlDXhW4d5dr2F07bAbB+LpgzMxx+o=
github.com/therecipe/qt v0.0.0-20200904063919-c0c124a5770d/go.mod h1:SUUR2j3aE1z6/g76SdD6NwACEpvCxb3fvG82eKbD6us=
golang.org/x/crypto v0.0.0-20190308221718-c2843e01d9a2/go.mod h1:djNgcEr1/C05ACkg1iLfiJU5Ep61QUkGW8qpdssI0+w=
golang.org/x/crypto v0.0.0-20190418165655-df01cb2cc480/go.mod h1:WFFai1msRO1wXaEeE5yQxYXgSfI8pQAWXbQop6sCtWE=
golang.org/x/crypto v0.0.0-20191011191535-87dc89f01550/go.mod h1:yigFU9vqHzYiE8UmvKecakEJjdnWj3jj499lnFckfCI=
golang.org/x/crypto v0.0.0-20200622213623-75b288015ac9/go.mod h1:LzIPMQfyMNhhGPhUkYOs5KpL4U8rLKemX1yGLhDgUto=
golang.org/x/crypto v0.0.0-20200728195943-123391ffb6de/go.mod h1:LzIPMQfyMNhhGPhUkYOs5KpL4U8rLKemX1yGLhDgUto=
golang.org/x/crypto v0.0.0-20200820211705-5c72a883971a h1:vclmkQCjlDX5OydZ9wv8rBCcS0QyQY66Mpf/7BZbInM=
golang.org/x/crypto v0.0.0-20200820211705-5c72a883971a/go.mod h1:LzIPMQfyMNhhGPhUkYOs5KpL4U8rLKemX1yGLhDgUto=
golang.org/x/crypto v0.0.0-20201016220609-9e8e0b390897 h1:pLI5jrR7OSLijeIDcmRxNmw2api+jEfxLoykJVice/E=
golang.org/x/crypto v0.0.0-20201016220609-9e8e0b390897/go.mod h1:LzIPMQfyMNhhGPhUkYOs5KpL4U8rLKemX1yGLhDgUto=
golang.org/x/mod v0.1.1-0.20191105210325-c90efee705ee/go.mod h1:QqPTAvyqsEbceGzBzNggFXnrqF1CaUcvgkdR5Ot7KZg=
golang.org/x/net v0.0.0-20190311183353-d8887717615a/go.mod h1:t9HGtf8HONx5eT2rtn7q6eTqICYqUVnKs3thJo3Qplg=
golang.org/x/net v0.0.0-20190404232315-eb5bcb51f2a3/go.mod h1:t9HGtf8HONx5eT2rtn7q6eTqICYqUVnKs3thJo3Qplg=
golang.org/x/net v0.0.0-20190420063019-afa5a82059c6/go.mod h1:t9HGtf8HONx5eT2rtn7q6eTqICYqUVnKs3thJo3Qplg=
golang.org/x/net v0.0.0-20190620200207-3b0461eec859/go.mod h1:z5CRVTTTmAJ677TzLLGU+0bjPO0LkuOLi4/5GtJWs/s=
golang.org/x/net v0.0.0-20190923162816-aa69164e4478/go.mod h1:z5CRVTTTmAJ677TzLLGU+0bjPO0LkuOLi4/5GtJWs/s=
golang.org/x/net v0.0.0-20200707034311-ab3426394381/go.mod h1:/O7V0waA8r7cgGh81Ro3o1hOxt32SMVPicZroKQ2sZA=
golang.org/x/net v0.0.0-20200904194848-62affa334b73 h1:MXfv8rhZWmFeqX3GNZRsd6vOLoaCHjYEX3qkRo3YBUA=
golang.org/x/net v0.0.0-20200904194848-62affa334b73/go.mod h1:/O7V0waA8r7cgGh81Ro3o1hOxt32SMVPicZroKQ2sZA=
golang.org/x/net v0.0.0-20201110031124-69a78807bb2b h1:uwuIcX0g4Yl1NC5XAz37xsr2lTtcqevgzYNVt49waME=
golang.org/x/net v0.0.0-20201110031124-69a78807bb2b/go.mod h1:sp8m0HH+o8qH0wwXwYZr8TS3Oi6o0r6Gce1SSxlDquU=
golang.org/x/sync v0.0.0-20190423024810-112230192c58 h1:8gQV6CLnAEikrhgkHFbMAEhagSSnXWGV915qUMm9mrU=
golang.org/x/sync v0.0.0-20190423024810-112230192c58/go.mod h1:RxMgew5VJxzue5/jJTE5uejpjVlOe/izrB70Jof72aM=
golang.org/x/sys v0.0.0-20180905080454-ebe1bf3edb33/go.mod h1:STP8DvDyc/dI5b8T5hshtkjS+E42TnysNCUPdjciGhY=
golang.org/x/sys v0.0.0-20190215142949-d0b11bdaac8a/go.mod h1:STP8DvDyc/dI5b8T5hshtkjS+E42TnysNCUPdjciGhY=
golang.org/x/sys v0.0.0-20190403152447-81d4e9dc473e/go.mod h1:h1NjWce9XRLGQEsW7wpKNCjG9DtNlClVuFLEZdDNbEs=
golang.org/x/sys v0.0.0-20190412213103-97732733099d/go.mod h1:h1NjWce9XRLGQEsW7wpKNCjG9DtNlClVuFLEZdDNbEs=
golang.org/x/sys v0.0.0-20190419153524-e8e3143a4f4a/go.mod h1:h1NjWce9XRLGQEsW7wpKNCjG9DtNlClVuFLEZdDNbEs=
golang.org/x/sys v0.0.0-20190924154521-2837fb4f24fe/go.mod h1:h1NjWce9XRLGQEsW7wpKNCjG9DtNlClVuFLEZdDNbEs=
golang.org/x/sys v0.0.0-20200323222414-85ca7c5b95cd/go.mod h1:h1NjWce9XRLGQEsW7wpKNCjG9DtNlClVuFLEZdDNbEs=
golang.org/x/sys v0.0.0-20200810151505-1b9f1253b3ed/go.mod h1:h1NjWce9XRLGQEsW7wpKNCjG9DtNlClVuFLEZdDNbEs=
golang.org/x/sys v0.0.0-20200917061948-648f2a039071 h1:t0H7WMwCt9t0LnLSYz5zdZ/OiAtROxc5cHb5iHt3Xyw=
golang.org/x/sys v0.0.0-20200917061948-648f2a039071/go.mod h1:h1NjWce9XRLGQEsW7wpKNCjG9DtNlClVuFLEZdDNbEs=
golang.org/x/sys v0.0.0-20200930185726-fdedc70b468f h1:+Nyd8tzPX9R7BWHguqsrbFdRx3WQ/1ib8I44HXV5yTA=
golang.org/x/sys v0.0.0-20200930185726-fdedc70b468f/go.mod h1:h1NjWce9XRLGQEsW7wpKNCjG9DtNlClVuFLEZdDNbEs=
golang.org/x/sys v0.0.0-20201110211018-35f3e6cf4a65 h1:Qo9oJ566/Sq7N4hrGftVXs8GI2CXBCuOd4S2wHE/e0M=
golang.org/x/sys v0.0.0-20201110211018-35f3e6cf4a65/go.mod h1:h1NjWce9XRLGQEsW7wpKNCjG9DtNlClVuFLEZdDNbEs=
golang.org/x/text v0.3.0/go.mod h1:NqM8EUOU14njkJ3fqMW+pc6Ldnwhi/IjpwHt7yyuwOQ=
golang.org/x/text v0.3.3/go.mod h1:5Zoc/QRtKVWzQhOtBMvqHzDpF6irO9z98xDceosuGiQ=
golang.org/x/tools v0.0.0-20180917221912-90fa682c2a6e/go.mod h1:n7NCudcB/nEzxVGmLbDWY5pfWTLqBcC2KZ6jyYvM4mQ=
golang.org/x/tools v0.0.0-20190420181800-aa740d480789/go.mod h1:LCzVGOaR6xXOjkQ3onu1FJEFr0SW1gC7cKk1uF8kGRs=
golang.org/x/tools v0.0.0-20191216052735-49a3e744a425 h1:VvQyQJN0tSuecqgcIxMWnnfG5kSmgy9KZR9sW3W5QeA=
golang.org/x/tools v0.0.0-20191216052735-49a3e744a425/go.mod h1:TB2adYChydJhpapKDTa4BR/hXlZSLoq2Wpct/0txZ28=
golang.org/x/xerrors v0.0.0-20191011141410-1b5146add898/go.mod h1:I/5z698sn9Ka8TeJc9MKroUUfqBBauWjQqLJ2OPfmY0=
